PODS:
  - AFNetworking (2.3.1):
    - AFNetworking/NSURLConnection
    - AFNetworking/NSURLSession
    - AFNetworking/Reachability
    - AFNetworking/Security
    - AFNetworking/Serialization
    - AFNetworking/UIKit
  - AFNetworking/NSURLConnection (2.3.1):
    - AFNetworking/Reachability
    - AFNetworking/Security
    - AFNetworking/Serialization
  - AFNetworking/NSURLSession (2.3.1):
    - AFNetworking/Reachability
    - AFNetworking/Security
    - AFNetworking/Serialization
  - AFNetworking/Reachability (2.3.1)
  - AFNetworking/Security (2.3.1)
  - AFNetworking/Serialization (2.3.1)
  - AFNetworking/UIKit (2.3.1):
    - AFNetworking/NSURLConnection
    - AFNetworking/NSURLSession
  - AFNetworking2-RACExtensions (0.0.1):
    - AFNetworking (~> 2.0)
    - ReactiveCocoa (~> 2.0)
  - CocoaAsyncSocket (7.3.5)
  - CocoaLumberjack (1.6.5.1):
    - CocoaLumberjack/Core
    - CocoaLumberjack/Extensions
  - CocoaLumberjack/Core (1.6.5.1)
  - CocoaLumberjack/Extensions (1.6.5.1):
    - CocoaLumberjack/Core
  - HPGrowingTextView (1.1)
  - JSCustomBadge (1.0.1)
  - MBProgressHUD (0.8)
  - Nimbus (1.2.0):
    - Nimbus/AttributedLabel
    - Nimbus/Badge
    - Nimbus/Collections
    - Nimbus/Collections
    - Nimbus/Core
    - Nimbus/CSS
    - Nimbus/Interapp
    - Nimbus/Launcher
    - Nimbus/Models
    - Nimbus/NetworkControllers
    - Nimbus/NetworkImage
    - Nimbus/Overview
    - Nimbus/PagingScrollView
    - Nimbus/Photos
    - Nimbus/Textfield
    - Nimbus/WebController
  - Nimbus/AttributedLabel (1.2.0):
    - Nimbus/Core
  - Nimbus/Badge (1.2.0):
    - Nimbus/Core
  - Nimbus/Collections (1.2.0):
    - Nimbus/Core
  - Nimbus/Core (1.2.0)
  - Nimbus/CSS (1.2.0):
    - AFNetworking (~> 2.1)
    - Nimbus/Core
    - Nimbus/Textfield
  - Nimbus/Interapp (1.2.0):
    - Nimbus/Core
  - Nimbus/Launcher (1.2.0):
    - Nimbus/Core
    - Nimbus/PagingScrollView
  - Nimbus/Models (1.2.0):
    - Nimbus/Core
  - Nimbus/NetworkControllers (1.2.0):
    - Nimbus/Core
  - Nimbus/NetworkImage (1.2.0):
    - AFNetworking (~> 2.1)
    - Nimbus/Core
  - Nimbus/Overview (1.2.0):
    - Nimbus/Core
    - Nimbus/Models
  - Nimbus/PagingScrollView (1.2.0):
    - Nimbus/Core
  - Nimbus/Photos (1.2.0):
    - Nimbus/Core
    - Nimbus/PagingScrollView
  - Nimbus/Textfield (1.2.0):
    - Nimbus/Core
  - Nimbus/WebController (1.2.0):
    - Nimbus/Core
  - QBImagePickerController (2.1)
  - ReactiveCocoa (2.3.1):
    - ReactiveCocoa/UI
  - ReactiveCocoa/Core (2.3.1):
    - ReactiveCocoa/no-arc
  - ReactiveCocoa/no-arc (2.3.1)
  - ReactiveCocoa/UI (2.3.1):
    - ReactiveCocoa/Core
  - ReactiveViewModel (0.2):
    - ReactiveCocoa (~> 2.1)
  - SDWebImage (3.7.1):
    - SDWebImage/Core
  - SDWebImage/Core (3.7.1)
  - XMPPFramework (3.6.4):
    - XMPPFramework/Authentication
    - XMPPFramework/BandwidthMonitor
    - XMPPFramework/Categories
    - XMPPFramework/Core
    - XMPPFramework/CoreDataStorage
    - XMPPFramework/GoogleSharedStatus
    - XMPPFramework/KissXML
    - XMPPFramework/ProcessOne
    - XMPPFramework/Reconnect
    - XMPPFramework/Roster
    - XMPPFramework/SystemInputActivityMonitor
    - XMPPFramework/Utilities
    - XMPPFramework/XEP-0009
    - XMPPFramework/XEP-0012
    - XMPPFramework/XEP-0016
    - XMPPFramework/XEP-0045
    - XMPPFramework/XEP-0054
    - XMPPFramework/XEP-0059
    - XMPPFramework/XEP-0060
    - XMPPFramework/XEP-0065
    - XMPPFramework/XEP-0066
    - XMPPFramework/XEP-0082
    - XMPPFramework/XEP-0085
    - XMPPFramework/XEP-0100
    - XMPPFramework/XEP-0106
    - XMPPFramework/XEP-0115
    - XMPPFramework/XEP-0136
    - XMPPFramework/XEP-0153
    - XMPPFramework/XEP-0172
    - XMPPFramework/XEP-0184
    - XMPPFramework/XEP-0199
    - XMPPFramework/XEP-0202
    - XMPPFramework/XEP-0203
    - XMPPFramework/XEP-0223
    - XMPPFramework/XEP-0224
    - XMPPFramework/XEP-0297
    - XMPPFramework/XEP-0308
  - XMPPFramework/Authentication (3.6.4):
    - XMPPFramework/Core
  - XMPPFramework/BandwidthMonitor (3.6.4):
    - XMPPFramework/Core
  - XMPPFramework/Categories (3.6.4):
    - XMPPFramework/Core
  - XMPPFramework/Core (3.6.4):
    - CocoaAsyncSocket (~> 7.3.1)
    - CocoaLumberjack (~> 1.6.2)
    - XMPPFramework/Authentication
    - XMPPFramework/Categories
    - XMPPFramework/KissXML
    - XMPPFramework/Utilities
  - XMPPFramework/CoreDataStorage (3.6.4):
    - XMPPFramework/Core
  - XMPPFramework/GoogleSharedStatus (3.6.4):
    - XMPPFramework/Core
  - XMPPFramework/KissXML (3.6.4):
    - XMPPFramework/Core
  - XMPPFramework/ProcessOne (3.6.4):
    - XMPPFramework/Core
  - XMPPFramework/Reconnect (3.6.4):
    - XMPPFramework/Core
  - XMPPFramework/Roster (3.6.4):
    - XMPPFramework/Core
    - XMPPFramework/CoreDataStorage
    - XMPPFramework/XEP-0203
  - XMPPFramework/SystemInputActivityMonitor (3.6.4):
    - XMPPFramework/Core
  - XMPPFramework/Utilities (3.6.4):
    - XMPPFramework/Core
  - XMPPFramework/XEP-0009 (3.6.4):
    - XMPPFramework/Core
  - XMPPFramework/XEP-0012 (3.6.4):
    - XMPPFramework/Core
  - XMPPFramework/XEP-0016 (3.6.4):
    - XMPPFramework/Core
  - XMPPFramework/XEP-0045 (3.6.4):
    - XMPPFramework/Core
    - XMPPFramework/CoreDataStorage
    - XMPPFramework/XEP-0203
  - XMPPFramework/XEP-0054 (3.6.4):
    - XMPPFramework/Core
    - XMPPFramework/Roster
    - XMPPFramework/XEP-0153
  - XMPPFramework/XEP-0059 (3.6.4):
    - XMPPFramework/Core
  - XMPPFramework/XEP-0060 (3.6.4):
    - XMPPFramework/Core
  - XMPPFramework/XEP-0065 (3.6.4):
    - XMPPFramework/Core
  - XMPPFramework/XEP-0066 (3.6.4):
    - XMPPFramework/Core
  - XMPPFramework/XEP-0082 (3.6.4):
    - XMPPFramework/Core
  - XMPPFramework/XEP-0085 (3.6.4):
    - XMPPFramework/Core
  - XMPPFramework/XEP-0100 (3.6.4):
    - XMPPFramework/Core
  - XMPPFramework/XEP-0106 (3.6.4):
    - XMPPFramework/Core
  - XMPPFramework/XEP-0115 (3.6.4):
    - XMPPFramework/Core
    - XMPPFramework/CoreDataStorage
  - XMPPFramework/XEP-0136 (3.6.4):
    - XMPPFramework/Core
    - XMPPFramework/CoreDataStorage
    - XMPPFramework/XEP-0085
    - XMPPFramework/XEP-0203
  - XMPPFramework/XEP-0153 (3.6.4):
    - XMPPFramework/Core
    - XMPPFramework/XEP-0054
  - XMPPFramework/XEP-0172 (3.6.4):
    - XMPPFramework/Core
  - XMPPFramework/XEP-0184 (3.6.4):
    - XMPPFramework/Core
  - XMPPFramework/XEP-0199 (3.6.4):
    - XMPPFramework/Core
  - XMPPFramework/XEP-0202 (3.6.4):
    - XMPPFramework/Core
    - XMPPFramework/XEP-0082
  - XMPPFramework/XEP-0203 (3.6.4):
    - XMPPFramework/Core
    - XMPPFramework/XEP-0082
  - XMPPFramework/XEP-0223 (3.6.4):
    - XMPPFramework/Core
  - XMPPFramework/XEP-0224 (3.6.4):
    - XMPPFramework/Core
  - XMPPFramework/XEP-0297 (3.6.4):
    - XMPPFramework/Core
  - XMPPFramework/XEP-0308 (3.6.4):
    - XMPPFramework/Core

DEPENDENCIES:
  - AFNetworking (~> 2.2.4)
  - AFNetworking2-RACExtensions (~> 0.0.1)
  - CocoaAsyncSocket (~> 7.3.5)
  - HPGrowingTextView (~> 1.1)
  - JSCustomBadge (~> 1.0.1)
  - MBProgressHUD (~> 0.8)
  - Nimbus (~> 1.2.0)
  - QBImagePickerController (~> 2.1)
  - ReactiveCocoa (~> 2.3)
  - ReactiveViewModel (~> 0.2)
  - SDWebImage (~> 3.7.1)
  - XMPPFramework (~> 3.6.4)

SPEC CHECKSUMS:
  AFNetworking: 6d7b76aa5d04c8c37daad3eef4b7e3f2a7620da3
  AFNetworking2-RACExtensions: 38ac068ed0257ca0a11f380bfd8375023c1cbe57
  CocoaAsyncSocket: 45bdbbc1c0a5ed0640ff4c42af325ba43a2f099a
  CocoaLumberjack: baf4a09a3bcbdfea3363556a90104e026d3504e2
  HPGrowingTextView: 07d5ab1f1e867acfb7a6f498b819948c9e97d07c
  JSCustomBadge: d48f5917ababec44971cca9d9bfdc8f646946ce9
  MBProgressHUD: c356980b0cd097f19acec959b49dca5eb8ec31be
  Nimbus: 14fd6f034c5f53d3dccef6cfd5763959497289a9
  QBImagePickerController: c2273a11d55e7c308ac2f88625ef58bb56b5b7a4
  ReactiveCocoa: dca75777b9d18990c8714a3a6f2149f29b4d1462
  ReactiveViewModel: 78387196df2e7535bb2776c41df15dbb17300f8a
  SDWebImage: 116e88633b5b416ea0ca4b334a4ac59cf72dd38d
  XMPPFramework: 15ca7fcceb7d22c2580ecf6f6e69744dbe2ba25b

COCOAPODS: 0.33.1
